format	1
profile	20181213
tarversion	20181213-de6af22ae73b-v3
builder_release	r151030
builder_image_url	https://downloads.omnios.org/media/r151030/omnios-r151030ap.iso
builder_image_sha256	7c1936c6394af381b2541b35b55a817d2e8b2dea16478b30faaa5a63f9914006
core_source	https://pkg.omnios.org/r151030/core
extra_source	https://pkg.omnios.org/r151030/extra
gate_source	https://github.com/illumos/illumos-gate
release_base_commit	de6af22ae73ba8d72672288621ff50b88f2cf5fd
build_head_ref	sysroot/20181213
build_head_commit	6265851cb0eea0e24c694164ca91635b4d414876
source_date_epoch	1544726597
gate_version	sysroot/20181213-0-g6265851cb0ee
gate_compiler_name	gcc4
gate_cc	/opt/gcc-4.4.4/bin/gcc
gate_cxx	/opt/gcc-4.4.4/bin/g++
shim_cc	/opt/gcc-7/bin/gcc
shim_ld	/usr/bin/ld
shim_compiler_package	developer/gcc7
shim_linker_package	developer/linker
gate_lint_mode	reproducible-stub
gate_compiler_package	developer/gcc44
gate_jdk_package	developer/java/openjdk8
gate_java_root	/usr/java
mf2tar_rust_toolchain	1.94.1
mf2tar_cargo_lock_sha256	e380d06971a59c26b82f1cd824d216180f37b9e960af4ed4235f20dba12bd7f2
closed_bins_url	https://mirrors.omnios.org/illumos-gate/on-closed-bins.i386.tar.bz2
closed_bins_sha256	18e82bace8481dca62586e4bdff7f6b44fc63b41443799929e4d4b2187e98535
closed_bins_nd_url	https://mirrors.omnios.org/illumos-gate/on-closed-bins-nd.i386.tar.bz2
closed_bins_nd_sha256	da3ca1ea24972ba6a01169265d8d38a45789ed7cc45334bfe026c108b1d2ff56
requested_fmri	pkg://omnios/SUNWcs@0.5.11-151030.0:20220220T113551Z
requested_fmri	pkg://omnios/compress/bzip2@1.0.7-151030.0:20190704T091449Z
requested_fmri	pkg://omnios/compress/gzip@1.12-151030.0:20220408T195909Z
requested_fmri	pkg://omnios/compress/zip@3.0-151030.0:20190426T182158Z
requested_fmri	pkg://omnios/developer/build/gnu-make@4.2.1-151030.0:20190426T183307Z
requested_fmri	pkg://omnios/developer/build/onbld@0.5.11-151030.0:20200509T121818Z
requested_fmri	pkg://omnios/developer/gcc44@4.4.4-151030.0:20190603T220126Z
requested_fmri	pkg://omnios/developer/illumos-tools@11-151030.0:20190426T202803Z
requested_fmri	pkg://omnios/developer/java/openjdk8@1.8.0.332-151030.9:20220424T000338Z
requested_fmri	pkg://omnios/developer/versioning/git@2.21.4-151030.0:20210310T113506Z
requested_fmri	pkg://omnios/package/pkg@0.5.11-151030.0:20211116T110046Z
requested_fmri	pkg://omnios/runtime/perl@5.28.3-151030.0:20200606T132800Z
requested_fmri	pkg://omnios/system/extended-system-utilities@0.5.11-151030.0:20190426T224559Z
requested_fmri	pkg://omnios/web/curl@7.83.0-151030.0:20220429T092447Z
package_fmri	pkg://omnios/SUNWcs@0.5.11-151030.0:20220220T113551Z
package_fmri	pkg://omnios/SUNWcsd@0.5.11-151030.0:20190426T224304Z
package_fmri	pkg://omnios/compress/bzip2@1.0.7-151030.0:20190704T091449Z
package_fmri	pkg://omnios/compress/gzip@1.12-151030.0:20220408T195909Z
package_fmri	pkg://omnios/compress/xz@5.2.4-151030.0:20190426T182959Z
package_fmri	pkg://omnios/compress/zip@3.0-151030.0:20190426T182158Z
package_fmri	pkg://omnios/consolidation/osnet/osnet-incorporation@0.5.11-151030.0:20191015T080339Z
package_fmri	pkg://omnios/database/sqlite-3@3.28.0-151030.0:20190426T184915Z
package_fmri	pkg://omnios/developer/as@0.5.11-151030.0:20190426T182428Z
package_fmri	pkg://omnios/developer/astdev@0.5.11-151030.0:20190426T224321Z
package_fmri	pkg://omnios/developer/build/gnu-make@4.2.1-151030.0:20190426T183307Z
package_fmri	pkg://omnios/developer/build/make@0.5.11-151030.0:20190426T224322Z
package_fmri	pkg://omnios/developer/build/onbld@0.5.11-151030.0:20200509T121818Z
package_fmri	pkg://omnios/developer/dtrace@0.5.11-151030.0:20190426T224324Z
package_fmri	pkg://omnios/developer/gcc44/libgmp-gcc44@5.0.2-151030.0:20190426T184111Z
package_fmri	pkg://omnios/developer/gcc44/libmpc-gcc44@0.8.2-151030.0:20190426T184425Z
package_fmri	pkg://omnios/developer/gcc44/libmpfr-gcc44@3.1.0-151030.0:20190426T184613Z
package_fmri	pkg://omnios/developer/gcc44@4.4.4-151030.0:20190603T220126Z
package_fmri	pkg://omnios/developer/gcc7@7.4.0-151030.0:20210903T110038Z
package_fmri	pkg://omnios/developer/gnu-binutils@2.32-151030.0:20190426T202159Z
package_fmri	pkg://omnios/developer/illumos-closed@5.11-151030.0:20190426T202642Z
package_fmri	pkg://omnios/developer/illumos-tools@11-151030.0:20190426T202803Z
package_fmri	pkg://omnios/developer/java/openjdk8@1.8.0.332-151030.9:20220424T000338Z
package_fmri	pkg://omnios/developer/lexer/flex@2.6.4-151030.0:20190426T205123Z
package_fmri	pkg://omnios/developer/linker@0.5.11-151030.0:20190426T224326Z
package_fmri	pkg://omnios/developer/macro/cpp@0.5.11-151030.0:20190426T205228Z
package_fmri	pkg://omnios/developer/macro/gnu-m4@1.4.18-151030.0:20190426T205609Z
package_fmri	pkg://omnios/developer/object-file@0.5.11-151030.0:20190426T224326Z
package_fmri	pkg://omnios/developer/parser/bison@3.3.2-151030.0:20190426T205831Z
package_fmri	pkg://omnios/developer/versioning/git@2.21.4-151030.0:20210310T113506Z
package_fmri	pkg://omnios/driver/audio@0.5.11-151030.0:20191130T142848Z
package_fmri	pkg://omnios/driver/serial/usbser@0.5.11-151030.0:20191015T080410Z
package_fmri	pkg://omnios/driver/usb@0.5.11-151030.0:20191130T142913Z
package_fmri	pkg://omnios/install/beadm@0.5.11-151030.0:20200117T125312Z
package_fmri	pkg://omnios/library/expat@2.2.8-151030.0:20190916T094617Z
package_fmri	pkg://omnios/library/glib2@2.60.0-151030.0:20190426T212655Z
package_fmri	pkg://omnios/library/gmp@6.1.2-151030.0:20190426T213049Z
package_fmri	pkg://omnios/library/idnkit/header-idnkit@2.3-151030.0:20190426T212903Z
package_fmri	pkg://omnios/library/idnkit@2.3-151030.0:20190426T212736Z
package_fmri	pkg://omnios/library/libffi@3.2.1-151030.0:20190426T213620Z
package_fmri	pkg://omnios/library/libidn@1.35-151030.0:20190426T215950Z
package_fmri	pkg://omnios/library/libtecla@1.6.0-151030.0:20190426T224444Z
package_fmri	pkg://omnios/library/libxml2@2.9.13-151030.0:20220221T012051Z
package_fmri	pkg://omnios/library/libxslt@1.1.30-151030.0:20190426T214514Z
package_fmri	pkg://omnios/library/mpc@1.1.0-151030.0:20190426T214859Z
package_fmri	pkg://omnios/library/mpfr@4.0.2-151030.0:20190426T215859Z
package_fmri	pkg://omnios/library/ncurses@6.1.20190323-151030.0:20190426T221603Z
package_fmri	pkg://omnios/library/nghttp2@1.41.0-151030.0:20200606T133248Z
package_fmri	pkg://omnios/library/nspr/header-nspr@4.29-151030.0:20200921T163838Z
package_fmri	pkg://omnios/library/nspr@4.22-151030.0:20190909T124922Z
package_fmri	pkg://omnios/library/pcre2@10.33-151030.0:20190426T222033Z
package_fmri	pkg://omnios/library/pcre@8.43-151030.0:20190426T221615Z
package_fmri	pkg://omnios/library/perl-5/xml-parser@2.44-151030.0:20190426T221902Z
package_fmri	pkg://omnios/library/python-3/asn1crypto-35@0.24.0-151030.0:20190426T222233Z
package_fmri	pkg://omnios/library/python-3/attrs-35@19.1.0-151030.0:20190426T222407Z
package_fmri	pkg://omnios/library/python-3/cffi-35@1.12.2-151030.0:20190426T222506Z
package_fmri	pkg://omnios/library/python-3/cheroot-35@6.5.4-151030.0:20190426T222606Z
package_fmri	pkg://omnios/library/python-3/cherrypy-35@18.1.1-151030.0:20190426T222710Z
package_fmri	pkg://omnios/library/python-3/contextlib2-35@0.5.5-151030.0:20190426T222741Z
package_fmri	pkg://omnios/library/python-3/cryptography-35@2.6.1-151030.0:20190426T222925Z
package_fmri	pkg://omnios/library/python-3/functools_lru_cache-35@1.5-151030.0:20190426T222906Z
package_fmri	pkg://omnios/library/python-3/idna-35@2.8-151030.0:20190426T222933Z
package_fmri	pkg://omnios/library/python-3/jaraco.functools-35@1.20-151030.0:20190426T222955Z
package_fmri	pkg://omnios/library/python-3/jsonrpclib-35@0.4.0-151030.0:20190426T223005Z
package_fmri	pkg://omnios/library/python-3/jsonschema-35@3.0.1-151030.0:20190426T223059Z
package_fmri	pkg://omnios/library/python-3/mako-35@1.0.8-151030.0:20190426T223105Z
package_fmri	pkg://omnios/library/python-3/more-itertools-35@7.0.0-151030.0:20190426T223145Z
package_fmri	pkg://omnios/library/python-3/ply-35@3.11-151030.0:20190426T223231Z
package_fmri	pkg://omnios/library/python-3/portend-35@2.3-151030.0:20190426T223259Z
package_fmri	pkg://omnios/library/python-3/prettytable-35@0.7.2-151030.0:20190426T223258Z
package_fmri	pkg://omnios/library/python-3/pybonjour-35@1.1.1-151030.0:20190426T223338Z
package_fmri	pkg://omnios/library/python-3/pycparser-35@2.19-151030.0:20190426T223340Z
package_fmri	pkg://omnios/library/python-3/pycurl-35@7.43.0.2-151030.0:20190426T223434Z
package_fmri	pkg://omnios/library/python-3/pyopenssl-35@19.0.0-151030.0:20190426T223427Z
package_fmri	pkg://omnios/library/python-3/pyrsistent-35@0.14.11-151030.0:20190426T223458Z
package_fmri	pkg://omnios/library/python-3/pytz-35@2019.1-151030.0:20190426T223504Z
package_fmri	pkg://omnios/library/python-3/setuptools-35@40.8.0-151030.0:20190426T223506Z
package_fmri	pkg://omnios/library/python-3/simplejson-35@3.16.0-151030.0:20190426T223527Z
package_fmri	pkg://omnios/library/python-3/six-35@1.12.0-151030.0:20190426T223532Z
package_fmri	pkg://omnios/library/python-3/tempora-35@1.14-151030.0:20190426T223535Z
package_fmri	pkg://omnios/library/python-3/zc.lockfile-35@1.4-151030.0:20190426T223611Z
package_fmri	pkg://omnios/library/readline@8.0-151030.0:20190426T223919Z
package_fmri	pkg://omnios/library/security/openssl@1.1.1.15-151030.0:20220503T165703Z
package_fmri	pkg://omnios/library/security/trousers@0.3.14-151030.0:20190426T223838Z
package_fmri	pkg://omnios/library/zlib@1.2.12-151030.0:20220410T110550Z
package_fmri	pkg://omnios/package/pkg@0.5.11-151030.0:20211116T110046Z
package_fmri	pkg://omnios/package/svr4@0.5.11-151030.0:20190426T224530Z
package_fmri	pkg://omnios/release/name@0.5.11-151030.42:20200214T134137Z
package_fmri	pkg://omnios/runtime/java/openjdk8@1.8.0.332-151030.9:20220424T000308Z
package_fmri	pkg://omnios/runtime/perl-64@5.28.2-151030.0:20190426T231337Z
package_fmri	pkg://omnios/runtime/perl/manual@5.28.2-151030.0:20190426T231237Z
package_fmri	pkg://omnios/runtime/perl/module/sun-solaris@0.5.11-151030.0:20190426T224532Z
package_fmri	pkg://omnios/runtime/perl@5.28.3-151030.0:20200606T132800Z
package_fmri	pkg://omnios/runtime/python-27@2.7.18-151030.0:20220316T180325Z
package_fmri	pkg://omnios/runtime/python-35@3.5.10-151030.0:20210225T001055Z
package_fmri	pkg://omnios/service/fault-management@0.5.11-151030.0:20191130T142935Z
package_fmri	pkg://omnios/service/file-system/smb@0.5.11-151030.0:20191015T080438Z
package_fmri	pkg://omnios/service/network/dns/mdns@0.5.11-151030.0:20190426T224536Z
package_fmri	pkg://omnios/service/picl@0.5.11-151030.0:20190426T224541Z
package_fmri	pkg://omnios/service/resource-pools@0.5.11-151030.0:20190426T224543Z
package_fmri	pkg://omnios/service/security/gss@0.5.11-151030.0:20190426T224543Z
package_fmri	pkg://omnios/service/security/kerberos-5@0.5.11-151030.0:20190426T224543Z
package_fmri	pkg://omnios/shell/bash@5.0.9-151030.0:20190819T142101Z
package_fmri	pkg://omnios/system/boot/loader@1.1-151030.0:20190614T134059Z
package_fmri	pkg://omnios/system/data/console/fonts@0.5.11-151030.0:20190426T224557Z
package_fmri	pkg://omnios/system/data/keyboard/keytables@0.5.11-151030.0:20190426T224557Z
package_fmri	pkg://omnios/system/data/terminfo@0.5.11-151030.0:20191031T110645Z
package_fmri	pkg://omnios/system/data/zoneinfo@2019.3-151030.0:20191112T230950Z
package_fmri	pkg://omnios/system/extended-system-utilities@0.5.11-151030.0:20190426T224559Z
package_fmri	pkg://omnios/system/ficl@4.1.0-151030.0:20190426T224601Z
package_fmri	pkg://omnios/system/file-system/smb@0.5.11-151030.0:20191015T080452Z
package_fmri	pkg://omnios/system/file-system/zfs@0.5.11-151030.0:20191130T142951Z
package_fmri	pkg://omnios/system/header@0.5.11-151030.0:20190426T224613Z
package_fmri	pkg://omnios/system/kernel/platform@0.5.11-151030.0:20191015T080457Z
package_fmri	pkg://omnios/system/kernel@0.5.11-151030.0:20191130T142957Z
package_fmri	pkg://omnios/system/library/c++/sunpro@0.5.11-151030.0:20190426T231346Z
package_fmri	pkg://omnios/system/library/c-runtime@0.5.11-151030.0:20201207T003437Z
package_fmri	pkg://omnios/system/library/dbus@1.12.12-151030.0:20190426T231617Z
package_fmri	pkg://omnios/system/library/demangle@0.5.11-151030.0:20190426T224621Z
package_fmri	pkg://omnios/system/library/g++-runtime@8-151030.0:20190426T231502Z
package_fmri	pkg://omnios/system/library/gcc-runtime@8-151030.0:20200117T191832Z
package_fmri	pkg://omnios/system/library/iconv/utf-8@0.5.11-151030.0:20190426T224623Z
package_fmri	pkg://omnios/system/library/libdbus-glib@0.110-151030.0:20190426T231723Z
package_fmri	pkg://omnios/system/library/libdbus@1.12.12-151030.0:20190426T231641Z
package_fmri	pkg://omnios/system/library/libdiskmgt@0.5.11-151030.0:20190426T224628Z
package_fmri	pkg://omnios/system/library/math@0.5.11-151030.0:20190426T224630Z
package_fmri	pkg://omnios/system/library/mozilla-nss/header-nss@3.57-151030.0:20200921T163641Z
package_fmri	pkg://omnios/system/library/mozilla-nss@3.46-151030.0:20190909T124850Z
package_fmri	pkg://omnios/system/library/python/solaris-35@0.5.11-151030.0:20190426T224719Z
package_fmri	pkg://omnios/system/library/python/zfs-35@0.5.11-151030.0:20190426T224719Z
package_fmri	pkg://omnios/system/library/security/gss/diffie-hellman@0.5.11-151030.0:20190426T224633Z
package_fmri	pkg://omnios/system/library/security/gss/spnego@0.5.11-151030.0:20190426T224633Z
package_fmri	pkg://omnios/system/library/security/gss@0.5.11-151030.0:20190426T224634Z
package_fmri	pkg://omnios/system/library/security/libsasl@0.5.11-151030.0:20190426T224635Z
package_fmri	pkg://omnios/system/library/storage/scsi-plugins@0.5.11-151030.0:20190426T224640Z
package_fmri	pkg://omnios/system/library@0.5.11-151030.0:20190426T224641Z
package_fmri	pkg://omnios/system/management/snmp/net-snmp@5.8-151030.0:20190426T233014Z
package_fmri	pkg://omnios/system/prerequisite/gnu@0.5.11-151030.0:20190426T231909Z
package_fmri	pkg://omnios/system/zones@0.5.11-151030.0:20190426T224717Z
package_fmri	pkg://omnios/text/gnu-gettext@0.19.8.1-151030.0:20190426T233522Z
package_fmri	pkg://omnios/web/ca-bundle@5.11-151030.0:20190909T125104Z
package_fmri	pkg://omnios/web/curl@7.83.0-151030.0:20220429T092447Z
package_fmri	pkg://omnios/web/wget@1.20.3-151030.0:20190426T233306Z
artifact_sha256	1a0e3399834dff3441c9fbc2686b8df8db9d61b5535ec2e24ee36f3fd4dd203a	omnios-r151030-core.p5p
artifact_sha256	763f203c875ee6e2e67af7cae81acb1ce5aa8f4d50b8518db24b0886d607c549	omnios-r151030-core.p5p.list
artifact_sha256	de880537e366e8f1eea84a29078c3d52b70283fc2d0198a9355d7656635b7dd7	omnios-r151030-core.p5p.manifests
artifact_sha256	d5670aaebaad75444713f9472a289fc75fcb5bf7c85297064483736b5a5bac6b	replay.fmris
artifact_sha256	2e943b3f7dd8214ffd766c55ff08e16e587ea2983d64c415c2233363b2fa7203	scratch-publishers.txt
artifact_sha256	8c5202d84c3102cb41cc006cba6068cdd9e9ae0332294bf5970868687338434b	requested-packages.txt
artifact_sha256	9c12edca3ff3a9a2f84b9f9c5411fe4256161d34df9b952c9e819f53c76d1208	requested.fmris
artifact_sha256	d5670aaebaad75444713f9472a289fc75fcb5bf7c85297064483736b5a5bac6b	omnios.fmris
artifact_sha256	e3b0c44298fc1c149afbf4c8996fb92427ae41e4649b934ca495991b7852b855	extra.omnios.fmris
artifact_sha256	2700d2a3d0be6ca20f002da9a1eeb45019336732831d3a044c865875eb439954	install.fmris
