format	1
profile	20210501
tarversion	20210501-e0b4275f34-v1
builder_release	r151038
builder_image_url	https://downloads.omnios.org/media/r151038/omnios-r151038an.iso
builder_image_sha256	67d767f23d9498e01a9c5ef2f4fd690937bea433deefc2a068ea4343a13fdb46
core_source	https://pkg.omnios.org/r151038/core
extra_source	https://pkg.omnios.org/r151038/extra
gate_source	https://github.com/illumos/illumos-gate
release_base_commit	2ed5ea5a06df7f669d20d88729c625981a0de7bc
build_head_ref	sysroot/20210501
build_head_commit	e0b4275f346eda86b39157cd7dd3cc889a1f6988
source_date_epoch	1762459338
gate_version	sysroot/20210501-0-ge0b4275f346e
gate_compiler_name	gcc7
gate_cc	/opt/gcc-7/bin/gcc
gate_cxx	/opt/gcc-7/bin/g++
shim_cc	/opt/gcc-7/bin/gcc
shim_ld	/usr/bin/ld
shim_compiler_package	developer/gcc7
shim_linker_package	developer/linker
gate_lint_mode	reproducible-stub
gate_compiler_package	developer/gcc7
gate_jdk_package	runtime/java/openjdk11
gate_java_root	/usr/jdk/openjdk11.0
mf2tar_rust_toolchain	1.94.1
mf2tar_cargo_lock_sha256	e380d06971a59c26b82f1cd824d216180f37b9e960af4ed4235f20dba12bd7f2
closed_bins_url	https://mirrors.omnios.org/illumos-gate/on-closed-bins.i386.tar.bz2
closed_bins_sha256	18e82bace8481dca62586e4bdff7f6b44fc63b41443799929e4d4b2187e98535
closed_bins_nd_url	https://mirrors.omnios.org/illumos-gate/on-closed-bins-nd.i386.tar.bz2
closed_bins_nd_sha256	da3ca1ea24972ba6a01169265d8d38a45789ed7cc45334bfe026c108b1d2ff56
requested_fmri	pkg://omnios/SUNWcs@0.5.11-151038.0:20240410T214157Z
requested_fmri	pkg://omnios/compress/bzip2@1.0.8-151038.0:20210427T171537Z
requested_fmri	pkg://omnios/compress/gzip@1.12-151038.0:20220408T201425Z
requested_fmri	pkg://omnios/compress/zip@3.0-151038.0:20210427T171843Z
requested_fmri	pkg://omnios/developer/build/gnu-make@4.3-151038.0:20210427T172241Z
requested_fmri	pkg://omnios/developer/build/onbld@0.5.11-151038.0:20230421T143316Z
requested_fmri	pkg://omnios/developer/gcc7@7.5.0-151038.0:20230404T220427Z
requested_fmri	pkg://omnios/developer/illumos-tools@11-151038.0:20211013T081843Z
requested_fmri	pkg://omnios/developer/versioning/git@2.31.8-151038.0:20230427T114651Z
requested_fmri	pkg://omnios/package/pkg@0.5.11-151038.0:20230421T140529Z
requested_fmri	pkg://omnios/runtime/java/openjdk11@11.0.22-151038.7:20240201T192139Z
requested_fmri	pkg://omnios/runtime/perl@5.32.1-151038.2:20231210T102305Z
requested_fmri	pkg://omnios/shell/ksh93@93.21.1.20120801-151038.0:20210427T213330Z
requested_fmri	pkg://omnios/system/extended-system-utilities@0.5.11-151038.0:20210427T213338Z
requested_fmri	pkg://omnios/web/curl@8.7.1-151038.0:20240403T125817Z
package_fmri	pkg://omnios/SUNWcs@0.5.11-151038.0:20240410T214157Z
package_fmri	pkg://omnios/SUNWcsd@0.5.11-151038.0:20210427T213148Z
package_fmri	pkg://omnios/compress/brotli@1.0.9-151038.0:20210427T171551Z
package_fmri	pkg://omnios/compress/bzip2@1.0.8-151038.0:20210427T171537Z
package_fmri	pkg://omnios/compress/gzip@1.12-151038.0:20220408T201425Z
package_fmri	pkg://omnios/compress/lz4@1.9.3-151038.0:20210427T171749Z
package_fmri	pkg://omnios/compress/xz@5.2.6-151038.0:20220823T195722Z
package_fmri	pkg://omnios/compress/zip@3.0-151038.0:20210427T171843Z
package_fmri	pkg://omnios/compress/zstd@1.5.5-151038.0:20230406T064206Z
package_fmri	pkg://omnios/consolidation/osnet/osnet-incorporation@0.5.11-151038.0:20210705T093818Z
package_fmri	pkg://omnios/database/sqlite-3@3.35.5-151038.0:20210427T173435Z
package_fmri	pkg://omnios/developer/as@0.5.11-151038.0:20210427T172129Z
package_fmri	pkg://omnios/developer/astdev@0.5.11-151038.0:20210427T213154Z
package_fmri	pkg://omnios/developer/build/gnu-make@4.3-151038.0:20210427T172241Z
package_fmri	pkg://omnios/developer/build/make@0.5.11-151038.0:20210427T213154Z
package_fmri	pkg://omnios/developer/build/onbld@0.5.11-151038.0:20230421T143316Z
package_fmri	pkg://omnios/developer/debug/ctf@0.5.11-151038.0:20210427T213155Z
package_fmri	pkg://omnios/developer/dtrace@0.5.11-151038.0:20210427T213157Z
package_fmri	pkg://omnios/developer/gcc10@10.4.0-151038.0:20230311T190624Z
package_fmri	pkg://omnios/developer/gcc44/libgmp-gcc44@5.0.2-151038.0:20210427T172713Z
package_fmri	pkg://omnios/developer/gcc44/libmpc-gcc44@0.8.2-151038.0:20210427T172856Z
package_fmri	pkg://omnios/developer/gcc44/libmpfr-gcc44@3.1.0-151038.0:20210427T173027Z
package_fmri	pkg://omnios/developer/gcc44@4.4.4-151038.0:20210427T174106Z
package_fmri	pkg://omnios/developer/gcc7@7.5.0-151038.0:20230404T220427Z
package_fmri	pkg://omnios/developer/gnu-binutils@2.36.1-151038.0:20210427T180210Z
package_fmri	pkg://omnios/developer/illumos-closed@5.11-151038.0:20210427T180435Z
package_fmri	pkg://omnios/developer/illumos-tools@11-151038.0:20211013T081843Z
package_fmri	pkg://omnios/developer/lexer/flex@2.6.4-151038.0:20210427T182407Z
package_fmri	pkg://omnios/developer/linker@0.5.11-151038.0:20210427T213159Z
package_fmri	pkg://omnios/developer/macro/cpp@0.5.11-151038.0:20210427T182511Z
package_fmri	pkg://omnios/developer/macro/gnu-m4@1.4.18-151038.0:20210427T182845Z
package_fmri	pkg://omnios/developer/object-file@0.5.11-151038.0:20210427T213159Z
package_fmri	pkg://omnios/developer/parser/bison@3.7.6-151038.0:20210427T183554Z
package_fmri	pkg://omnios/developer/versioning/git@2.31.8-151038.0:20230427T114651Z
package_fmri	pkg://omnios/driver/audio@0.5.11-151038.0:20210427T213204Z
package_fmri	pkg://omnios/driver/serial/usbser@0.5.11-151038.0:20210427T213233Z
package_fmri	pkg://omnios/driver/usb@0.5.11-151038.0:20210705T093956Z
package_fmri	pkg://omnios/install/beadm@0.5.11-151038.0:20210427T213242Z
package_fmri	pkg://omnios/library/expat@2.4.9-151038.0:20220926T155635Z
package_fmri	pkg://omnios/library/glib2@2.68.1-151038.0:20210427T192227Z
package_fmri	pkg://omnios/library/gmp@6.2.1-151038.0:20210427T192252Z
package_fmri	pkg://omnios/library/idnkit/header-idnkit@2.3-151038.0:20210427T192114Z
package_fmri	pkg://omnios/library/idnkit@2.3-151038.0:20210427T192024Z
package_fmri	pkg://omnios/library/libffi@3.3-151038.0:20210427T192521Z
package_fmri	pkg://omnios/library/libidn@1.36-151038.0:20210427T192925Z
package_fmri	pkg://omnios/library/libtecla@1.6.0-151038.0:20210427T213243Z
package_fmri	pkg://omnios/library/libxml2@2.11.7-151038.0:20240214T210053Z
package_fmri	pkg://omnios/library/libxslt@1.1.30-151038.0:20210427T192715Z
package_fmri	pkg://omnios/library/mpc@1.2.1-151038.0:20210427T192825Z
package_fmri	pkg://omnios/library/mpfr@4.1.0-151038.0:20210427T193013Z
package_fmri	pkg://omnios/library/ncurses@6.2-151038.0:20210427T193536Z
package_fmri	pkg://omnios/library/nghttp2@1.43.0-151038.0:20210427T193122Z
package_fmri	pkg://omnios/library/nspr/header-nspr@4.30-151038.0:20210427T193710Z
package_fmri	pkg://omnios/library/nspr@4.30-151038.0:20210427T193727Z
package_fmri	pkg://omnios/library/pcre2@10.36-151038.0:20210427T193638Z
package_fmri	pkg://omnios/library/pcre@8.44-151038.0:20210427T193417Z
package_fmri	pkg://omnios/library/perl-5/xml-parser@2.46-151038.0:20210427T193628Z
package_fmri	pkg://omnios/library/python-3/asn1crypto-39@1.4.0-151038.0:20210427T193720Z
package_fmri	pkg://omnios/library/python-3/attrs-39@20.3.0-151038.0:20210427T193738Z
package_fmri	pkg://omnios/library/python-3/cffi-39@1.14.5-151038.0:20210427T193758Z
package_fmri	pkg://omnios/library/python-3/cheroot-39@8.5.2-151038.0:20210427T193804Z
package_fmri	pkg://omnios/library/python-3/cherrypy-39@18.6.0-151038.0:20210427T193816Z
package_fmri	pkg://omnios/library/python-3/cryptography-39@3.4.6-151038.0:20210427T194001Z
package_fmri	pkg://omnios/library/python-3/idna-39@3.1-151038.0:20210427T193856Z
package_fmri	pkg://omnios/library/python-3/jaraco-39@1.0.0-151038.0:20210427T193929Z
package_fmri	pkg://omnios/library/python-3/js-regex-39@1.0.1-151038.0:20210427T193929Z
package_fmri	pkg://omnios/library/python-3/jsonrpclib-39@0.4.2-151038.0:20210427T193950Z
package_fmri	pkg://omnios/library/python-3/jsonschema-39@3.2.0-151038.0:20210427T193954Z
package_fmri	pkg://omnios/library/python-3/mako-39@1.1.4-151038.0:20210427T194015Z
package_fmri	pkg://omnios/library/python-3/more-itertools-39@8.7.0-151038.0:20210427T194028Z
package_fmri	pkg://omnios/library/python-3/pip-39@21.0.1-151038.0:20210427T194058Z
package_fmri	pkg://omnios/library/python-3/ply-39@3.11-151038.0:20210427T194059Z
package_fmri	pkg://omnios/library/python-3/portend-39@2.7.1-151038.0:20210427T194137Z
package_fmri	pkg://omnios/library/python-3/prettytable-39@2.1.0-151038.0:20210427T194137Z
package_fmri	pkg://omnios/library/python-3/pybonjour-39@1.1.1-151038.0:20210427T194238Z
package_fmri	pkg://omnios/library/python-3/pycparser-39@2.20-151038.0:20210427T194311Z
package_fmri	pkg://omnios/library/python-3/pycurl-39@7.43.0.6-151038.0:20210427T194318Z
package_fmri	pkg://omnios/library/python-3/pyopenssl-39@20.0.1-151038.0:20210427T194339Z
package_fmri	pkg://omnios/library/python-3/pyrsistent-39@0.17.3-151038.0:20210427T194352Z
package_fmri	pkg://omnios/library/python-3/pytz-39@2021.1-151038.0:20210427T194411Z
package_fmri	pkg://omnios/library/python-3/rapidjson-39@1.4-151038.0:20210705T103411Z
package_fmri	pkg://omnios/library/python-3/setuptools-39@54.1.2-151038.0:20210427T194436Z
package_fmri	pkg://omnios/library/python-3/six-39@1.15.0-151038.0:20210427T194500Z
package_fmri	pkg://omnios/library/python-3/tempora-39@4.0.1-151038.0:20210427T194507Z
package_fmri	pkg://omnios/library/python-3/wcwidth-39@0.2.5-151038.0:20210427T194512Z
package_fmri	pkg://omnios/library/python-3/zc.lockfile-39@2.0-151038.0:20210427T194524Z
package_fmri	pkg://omnios/library/readline@8.1-151038.0:20210427T194751Z
package_fmri	pkg://omnios/library/security/openssl-10@1.0.2.21-151038.0:20210824T182138Z
package_fmri	pkg://omnios/library/security/openssl-11@1.1.1.23-151038.1:20240201T185402Z
package_fmri	pkg://omnios/library/security/openssl@1.1.1.13-151038.0:20211222T235532Z
package_fmri	pkg://omnios/library/security/trousers@0.3.15-151038.0:20210427T195214Z
package_fmri	pkg://omnios/library/zlib@1.2.13-151038.0:20221019T123731Z
package_fmri	pkg://omnios/package/pkg@0.5.11-151038.0:20230421T140529Z
package_fmri	pkg://omnios/package/svr4@0.5.11-151038.0:20210427T213309Z
package_fmri	pkg://omnios/release/name@0.5.11-151038.40:20220130T101122Z
package_fmri	pkg://omnios/runtime/java/openjdk11@11.0.22-151038.7:20240201T192139Z
package_fmri	pkg://omnios/runtime/perl/module/sun-solaris@0.5.11-151038.0:20210427T213311Z
package_fmri	pkg://omnios/runtime/perl@5.32.1-151038.2:20231210T102305Z
package_fmri	pkg://omnios/runtime/python-27@2.7.18-151038.0:20220316T173318Z
package_fmri	pkg://omnios/runtime/python-39@3.9.19-151038.0:20240403T125502Z
package_fmri	pkg://omnios/service/fault-management@0.5.11-151038.0:20210427T213312Z
package_fmri	pkg://omnios/service/file-system/smb@0.5.11-151038.0:20210903T114039Z
package_fmri	pkg://omnios/service/network/dns/mdns@0.5.11-151038.0:20210427T213314Z
package_fmri	pkg://omnios/service/picl@0.5.11-151038.0:20210427T213323Z
package_fmri	pkg://omnios/service/resource-pools@0.5.11-151038.0:20210427T213325Z
package_fmri	pkg://omnios/service/security/gss@0.5.11-151038.0:20210427T213326Z
package_fmri	pkg://omnios/service/security/kerberos-5@0.5.11-151038.0:20210427T213327Z
package_fmri	pkg://omnios/shell/bash@5.1.4-151038.0:20210427T203917Z
package_fmri	pkg://omnios/shell/ksh93@93.21.1.20120801-151038.0:20210427T213330Z
package_fmri	pkg://omnios/system/boot/loader@1.1-151038.0:20210903T114050Z
package_fmri	pkg://omnios/system/data/console/fonts@0.5.11-151038.0:20210427T213336Z
package_fmri	pkg://omnios/system/data/keyboard/keytables@0.5.11-151038.0:20210427T213337Z
package_fmri	pkg://omnios/system/data/terminfo@0.5.11-151038.0:20210427T213337Z
package_fmri	pkg://omnios/system/data/zoneinfo@2021.1-151038.0:20210427T213337Z
package_fmri	pkg://omnios/system/extended-system-utilities@0.5.11-151038.0:20210427T213338Z
package_fmri	pkg://omnios/system/ficl@4.1.0-151038.0:20210427T213341Z
package_fmri	pkg://omnios/system/file-system/smb@0.5.11-151038.0:20210530T143135Z
package_fmri	pkg://omnios/system/file-system/zfs@0.5.11-151038.0:20210927T084617Z
package_fmri	pkg://omnios/system/header@0.5.11-151038.0:20230428T125534Z
package_fmri	pkg://omnios/system/kernel/platform@0.5.11-151038.0:20220117T125228Z
package_fmri	pkg://omnios/system/kernel@0.5.11-151038.0:20220117T125229Z
package_fmri	pkg://omnios/system/library/c-runtime@0.5.11-151038.0:20210427T213359Z
package_fmri	pkg://omnios/system/library/dbus@1.12.20-151038.0:20210427T211039Z
package_fmri	pkg://omnios/system/library/demangle@0.5.11-151038.0:20210530T143144Z
package_fmri	pkg://omnios/system/library/g++-runtime@10-151038.0:20210903T145538Z
package_fmri	pkg://omnios/system/library/gcc-runtime@10-151038.0:20210903T145618Z
package_fmri	pkg://omnios/system/library/gccgo-runtime@10-151038.0:20210903T145723Z
package_fmri	pkg://omnios/system/library/gfortran-runtime@10-151038.0:20210903T145648Z
package_fmri	pkg://omnios/system/library/gobjc-runtime@10-151038.0:20210903T145747Z
package_fmri	pkg://omnios/system/library/iconv/utf-8@0.5.11-151038.0:20210427T213402Z
package_fmri	pkg://omnios/system/library/libdbus-glib@0.110-151038.0:20210427T211527Z
package_fmri	pkg://omnios/system/library/libdbus@1.12.20-151038.0:20210427T211124Z
package_fmri	pkg://omnios/system/library/libdiskmgt@0.5.11-151038.0:20210427T213413Z
package_fmri	pkg://omnios/system/library/math@0.5.11-151038.0:20210427T213416Z
package_fmri	pkg://omnios/system/library/mozilla-nss/header-nss@3.63-151038.0:20210427T193630Z
package_fmri	pkg://omnios/system/library/mozilla-nss@3.63-151038.0:20210427T193651Z
package_fmri	pkg://omnios/system/library/pcap@1.10.0-151038.0:20210427T211556Z
package_fmri	pkg://omnios/system/library/python/libbe-39@0.5.11-151038.0:20210427T213448Z
package_fmri	pkg://omnios/system/library/python/solaris-39@0.5.11-151038.0:20210427T213448Z
package_fmri	pkg://omnios/system/library/python/zfs-39@0.5.11-151038.0:20210427T213449Z
package_fmri	pkg://omnios/system/library/security/gss/diffie-hellman@0.5.11-151038.0:20210427T213420Z
package_fmri	pkg://omnios/system/library/security/gss/spnego@0.5.11-151038.0:20210427T213421Z
package_fmri	pkg://omnios/system/library/security/gss@0.5.11-151038.0:20210427T213421Z
package_fmri	pkg://omnios/system/library/security/libsasl@0.5.11-151038.0:20210427T213422Z
package_fmri	pkg://omnios/system/library/storage/scsi-plugins@0.5.11-151038.0:20210427T213424Z
package_fmri	pkg://omnios/system/library@0.5.11-151038.0:20240321T120828Z
package_fmri	pkg://omnios/system/management/snmp/net-snmp@5.9-151038.0:20211112T185834Z
package_fmri	pkg://omnios/system/microcode/amd@201203-151038.0:20210427T213428Z
package_fmri	pkg://omnios/system/microcode/intel@20210608-151038.0:20210705T094105Z
package_fmri	pkg://omnios/system/network/overlay@0.5.11-151038.0:20210427T213431Z
package_fmri	pkg://omnios/system/prerequisite/gnu@0.5.11-151038.0:20210427T212445Z
package_fmri	pkg://omnios/system/xopen/xcu4@0.5.11-151038.0:20210427T213444Z
package_fmri	pkg://omnios/system/zones@0.5.11-151038.0:20210530T143222Z
package_fmri	pkg://omnios/text/gnu-gettext@0.21-151038.0:20210427T214347Z
package_fmri	pkg://omnios/web/ca-bundle@5.11-151038.0:20211029T153035Z
package_fmri	pkg://omnios/web/curl@8.7.1-151038.0:20240403T125817Z
package_fmri	pkg://omnios/web/wget@1.21.1-151038.0:20210427T214803Z
artifact_sha256	516c856dc83cca1a8abb0bcfa9a5de021561968b9c5cb1ff1e0e05fded4fd6ce	omnios-r151038-core.p5p
artifact_sha256	ef70b79d1221ccc247c47a739c0f88ea64eb0672a8f5fb51adc0b0de177f68fd	omnios-r151038-core.p5p.list
artifact_sha256	3fc7303abdfa13d4e2e28a2c969587359c9c09bf76b8f7583213e8c8a41c0bee	omnios-r151038-core.p5p.manifests
artifact_sha256	70d75a8936564dc8667b0771dbcafdb69cbbe6b3adcad457f1f7742ca221c07a	replay.fmris
artifact_sha256	752b96ed7a52595f74e1f0349d8712b7733895a4979c18395868a691385b9dfc	scratch-publishers.txt
artifact_sha256	214fb1e9329a78814c770f30c0bd120e67b9938ed672b34a12c5a4261f5efa77	requested-packages.txt
artifact_sha256	b209255e6be90b6089e77105cda83ac15ad7c038c03261079c0c1e043d147e71	requested.fmris
artifact_sha256	70d75a8936564dc8667b0771dbcafdb69cbbe6b3adcad457f1f7742ca221c07a	omnios.fmris
artifact_sha256	e3b0c44298fc1c149afbf4c8996fb92427ae41e4649b934ca495991b7852b855	extra.omnios.fmris
artifact_sha256	6848c7ae003e0ed20a846cd41d984ebf05610732684e9ca7ce1cf73d1e2da406	install.fmris
